
Microsoft Visual Studio Solution File, Format Version 12.00
# Visual Studio Version 17
VisualStudioVersion = 17.12.35707.178
MinimumVisualStudioVersion = 10.0.40219.1
Project("{FAE04EC0-301F-11D3-BF4B-00C04F79EFBC}") = "Task1.5", "Task1.5\Task1.5.csproj", "{9CA58434-BB0C-42DC-B1FA-3EA2149B3108}"
EndProject
Project("{FAE04EC0-301F-11D3-BF4B-00C04F79EFBC}") = "Task1", "Task1\Task1.csproj", "{88C68786-99EC-4EF8-B1BC-EEDC6F511196}"
EndProject
Project("{2150E333-8FDC-42A3-9474-1A3956D46DE8}") = "Items", "Items", "{B52C6652-B788-4F37-91C3-04B51DBACFF6}"
	ProjectSection(SolutionItems) = preProject
		Directory.Build.props = Directory.Build.props
		Directory.Build.targets = Directory.Build.targets
	EndProjectSection
EndProject
Project("{FAE04EC0-301F-11D3-BF4B-00C04F79EFBC}") = "Tools", "Tools\Tools.csproj", "{6F7CBB20-65B0-4702-90F5-38AF9F59EE18}"
EndProject
Global
	GlobalSection(SolutionConfigurationPlatforms) = preSolution
		Debug|Any CPU = Debug|Any CPU
		Release|Any CPU = Release|Any CPU
	EndGlobalSection
	GlobalSection(ProjectConfigurationPlatforms) = postSolution
		{9CA58434-BB0C-42DC-B1FA-3EA2149B3108}.Debug|Any CPU.ActiveCfg = Debug|Any CPU
		{9CA58434-BB0C-42DC-B1FA-3EA2149B3108}.Debug|Any CPU.Build.0 = Debug|Any CPU
		{9CA58434-BB0C-42DC-B1FA-3EA2149B3108}.Release|Any CPU.ActiveCfg = Release|Any CPU
		{9CA58434-BB0C-42DC-B1FA-3EA2149B3108}.Release|Any CPU.Build.0 = Release|Any CPU
		{88C68786-99EC-4EF8-B1BC-EEDC6F511196}.Debug|Any CPU.ActiveCfg = Debug|Any CPU
		{88C68786-99EC-4EF8-B1BC-EEDC6F511196}.Debug|Any CPU.Build.0 = Debug|Any CPU
		{88C68786-99EC-4EF8-B1BC-EEDC6F511196}.Release|Any CPU.ActiveCfg = Release|Any CPU
		{88C68786-99EC-4EF8-B1BC-EEDC6F511196}.Release|Any CPU.Build.0 = Release|Any CPU
		{6F7CBB20-65B0-4702-90F5-38AF9F59EE18}.Debug|Any CPU.ActiveCfg = Debug|Any CPU
		{6F7CBB20-65B0-4702-90F5-38AF9F59EE18}.Debug|Any CPU.Build.0 = Debug|Any CPU
		{6F7CBB20-65B0-4702-90F5-38AF9F59EE18}.Release|Any CPU.ActiveCfg = Release|Any CPU
		{6F7CBB20-65B0-4702-90F5-38AF9F59EE18}.Release|Any CPU.Build.0 = Release|Any CPU
	EndGlobalSection
	GlobalSection(SolutionProperties) = preSolution
		HideSolutionNode = FALSE
	EndGlobalSection
EndGlobal
